
Microsoft Visual Studio Solution File, Format Version 12.00
# Visual Studio Version 16
VisualStudioVersion = 16.0.30128.74
MinimumVisualStudioVersion = 10.0.40219.1
Project("{FAE04EC0-301F-11D3-BF4B-00C04F79EFBC}") = "Kinect Science Fair", "Kinect Science Fair\Kinect Science Fair.csproj", "{7BC823AE-A251-4E19-B9EA-D0D71CB0B06E}"
EndProject
Project("{9A19103F-16F7-4668-BE54-9A1E7A4F7556}") = "Kinect Science FairML.Model", "Kinect Science FairML.Model\Kinect Science FairML.Model.csproj", "{6FB2204F-4765-4B24-AD65-40D89A1BF1F8}"
EndProject
Project("{9A19103F-16F7-4668-BE54-9A1E7A4F7556}") = "Kinect Science FairML.ConsoleApp", "Kinect Science FairML.ConsoleApp\Kinect Science FairML.ConsoleApp.csproj", "{6693767A-0354-43AE-B852-A8FA864C4CDC}"
EndProject
Global
	GlobalSection(SolutionConfigurationPlatforms) = preSolution
		Debug|Any CPU = Debug|Any CPU
		Release|Any CPU = Release|Any CPU
	EndGlobalSection
	GlobalSection(ProjectConfigurationPlatforms) = postSolution
		{7BC823AE-A251-4E19-B9EA-D0D71CB0B06E}.Debug|Any CPU.ActiveCfg = Debug|Any CPU
		{7BC823AE-A251-4E19-B9EA-D0D71CB0B06E}.Debug|Any CPU.Build.0 = Debug|Any CPU
		{7BC823AE-A251-4E19-B9EA-D0D71CB0B06E}.Release|Any CPU.ActiveCfg = Release|Any CPU
		{7BC823AE-A251-4E19-B9EA-D0D71CB0B06E}.Release|Any CPU.Build.0 = Release|Any CPU
		{6FB2204F-4765-4B24-AD65-40D89A1BF1F8}.Debug|Any CPU.ActiveCfg = Debug|Any CPU
		{6FB2204F-4765-4B24-AD65-40D89A1BF1F8}.Debug|Any CPU.Build.0 = Debug|Any CPU
		{6FB2204F-4765-4B24-AD65-40D89A1BF1F8}.Release|Any CPU.ActiveCfg = Release|Any CPU
		{6FB2204F-4765-4B24-AD65-40D89A1BF1F8}.Release|Any CPU.Build.0 = Release|Any CPU
		{6693767A-0354-43AE-B852-A8FA864C4CDC}.Debug|Any CPU.ActiveCfg = Debug|Any CPU
		{6693767A-0354-43AE-B852-A8FA864C4CDC}.Debug|Any CPU.Build.0 = Debug|Any CPU
		{6693767A-0354-43AE-B852-A8FA864C4CDC}.Release|Any CPU.ActiveCfg = Release|Any CPU
		{6693767A-0354-43AE-B852-A8FA864C4CDC}.Release|Any CPU.Build.0 = Release|Any CPU
	EndGlobalSection
	GlobalSection(SolutionProperties) = preSolution
		HideSolutionNode = FALSE
	EndGlobalSection
	GlobalSection(ExtensibilityGlobals) = postSolution
		SolutionGuid = {C0A85A4E-ACC0-4C10-9255-D480A4B0E47E}
	EndGlobalSection
EndGlobal
